{
  "name": "mkv-subtitle-extractor",
  "version": "1.1.1",
  "lockfileVersion": 1,
  "requires": true,
  "dependencies": {
    "buffers": {
      "version": "0.1.1",
      "resolved": "https://registry.npmjs.org/buffers/-/buffers-0.1.1.tgz",
      "integrity": "sha1-skV5w77U1tOWru5tmorn9Ugqt7s="
    },
    "debug": {
      "version": "0.7.4",
      "resolved": "https://registry.npmjs.org/debug/-/debug-0.7.4.tgz",
      "integrity": "sha1-BuHqgILCyxTjmAbiLi9vdX+Srzk="
    },
    "ebml": {
      "version": "2.2.1",
      "resolved": "https://registry.npmjs.org/ebml/-/ebml-2.2.1.tgz",
      "integrity": "sha512-Li0P83rkIpa3gSxzs2ztf/sRg7EaV+siroBNat2fXp85P5x3DN+KSufh1jtP3tom0TTtiXwaArXf8yBW9mC1Pg==",
      "requires": {
        "buffers": "0.1.1",
        "debug": "0.7.4"
      }
    },
    "ebml-block": {
      "version": "1.1.0",
      "resolved": "https://registry.npmjs.org/ebml-block/-/ebml-block-1.1.0.tgz",
      "integrity": "sha1-jAco87qxIKRK+MANi8D4GOUB76E="
    },
    "file-exists": {
      "version": "4.0.0",
      "resolved": "https://registry.npmjs.org/file-exists/-/file-exists-4.0.0.tgz",
      "integrity": "sha1-EE6s8l0/1rPkYpUa6SNTMZX/tSs="
    },
    "matroska-subtitles": {
      "version": "2.0.1",
      "resolved": "https://registry.npmjs.org/matroska-subtitles/-/matroska-subtitles-2.0.1.tgz",
      "integrity": "sha1-Kub9+NfAaa9MjDMR0fJDECKoPaE=",
      "requires": {
        "ebml": "2.2.1",
        "ebml-block": "1.1.0"
      }
    },
    "zero-fill": {
      "version": "2.2.3",
      "resolved": "https://registry.npmjs.org/zero-fill/-/zero-fill-2.2.3.tgz",
      "integrity": "sha1-o97wa6XjmuZEhQu0yirUEStIVek="
    }
  }
}
